
Microsoft Visual Studio Solution File, Format Version 12.00
# Visual Studio Version 17
VisualStudioVersion = 17.6.33712.159
MinimumVisualStudioVersion = 10.0.40219.1
Project("{FAE04EC0-301F-11D3-BF4B-00C04F79EFBC}") = "insertion_sort", "insertion_sort\insertion_sort.csproj", "{779FC328-1604-413B-8DD7-CF9B9FEA7623}"
EndProject
Global
	GlobalSection(SolutionConfigurationPlatforms) = preSolution
		Debug|Any CPU = Debug|Any CPU
		Release|Any CPU = Release|Any CPU
	EndGlobalSection
	GlobalSection(ProjectConfigurationPlatforms) = postSolution
		{779FC328-1604-413B-8DD7-CF9B9FEA7623}.Debug|Any CPU.ActiveCfg = Debug|Any CPU
		{779FC328-1604-413B-8DD7-CF9B9FEA7623}.Debug|Any CPU.Build.0 = Debug|Any CPU
		{779FC328-1604-413B-8DD7-CF9B9FEA7623}.Release|Any CPU.ActiveCfg = Release|Any CPU
		{779FC328-1604-413B-8DD7-CF9B9FEA7623}.Release|Any CPU.Build.0 = Release|Any CPU
	EndGlobalSection
	GlobalSection(SolutionProperties) = preSolution
		HideSolutionNode = FALSE
	EndGlobalSection
	GlobalSection(ExtensibilityGlobals) = postSolution
		SolutionGuid = {24CAFAEC-3297-49AA-BC6B-EE7CE4FC2BD1}
	EndGlobalSection
EndGlobal
