
Microsoft Visual Studio Solution File, Format Version 12.00
# Visual Studio Version 17
VisualStudioVersion = 17.6.33712.159
MinimumVisualStudioVersion = 10.0.40219.1
Project("{FAE04EC0-301F-11D3-BF4B-00C04F79EFBC}") = "grocery", "grocery\grocery.csproj", "{C4C65162-CA6E-45B9-885D-8ECAB0F4F0CA}"
EndProject
Global
	GlobalSection(SolutionConfigurationPlatforms) = preSolution
		Debug|Any CPU = Debug|Any CPU
		Release|Any CPU = Release|Any CPU
	EndGlobalSection
	GlobalSection(ProjectConfigurationPlatforms) = postSolution
		{C4C65162-CA6E-45B9-885D-8ECAB0F4F0CA}.Debug|Any CPU.ActiveCfg = Debug|Any CPU
		{C4C65162-CA6E-45B9-885D-8ECAB0F4F0CA}.Debug|Any CPU.Build.0 = Debug|Any CPU
		{C4C65162-CA6E-45B9-885D-8ECAB0F4F0CA}.Release|Any CPU.ActiveCfg = Release|Any CPU
		{C4C65162-CA6E-45B9-885D-8ECAB0F4F0CA}.Release|Any CPU.Build.0 = Release|Any CPU
	EndGlobalSection
	GlobalSection(SolutionProperties) = preSolution
		HideSolutionNode = FALSE
	EndGlobalSection
	GlobalSection(ExtensibilityGlobals) = postSolution
		SolutionGuid = {E00C93D0-50F8-4347-8EAF-27B4710812B2}
	EndGlobalSection
EndGlobal
