
Microsoft Visual Studio Solution File, Format Version 12.00
# Visual Studio Version 17
VisualStudioVersion = 17.6.33801.468
MinimumVisualStudioVersion = 10.0.40219.1
Project("{FAE04EC0-301F-11D3-BF4B-00C04F79EFBC}") = "ecommysql", "ecommysql\ecommysql.csproj", "{5ACE11FD-8273-4167-B613-9279192934A0}"
EndProject
Global
	GlobalSection(SolutionConfigurationPlatforms) = preSolution
		Debug|Any CPU = Debug|Any CPU
		Release|Any CPU = Release|Any CPU
	EndGlobalSection
	GlobalSection(ProjectConfigurationPlatforms) = postSolution
		{5ACE11FD-8273-4167-B613-9279192934A0}.Debug|Any CPU.ActiveCfg = Debug|Any CPU
		{5ACE11FD-8273-4167-B613-9279192934A0}.Debug|Any CPU.Build.0 = Debug|Any CPU
		{5ACE11FD-8273-4167-B613-9279192934A0}.Release|Any CPU.ActiveCfg = Release|Any CPU
		{5ACE11FD-8273-4167-B613-9279192934A0}.Release|Any CPU.Build.0 = Release|Any CPU
	EndGlobalSection
	GlobalSection(SolutionProperties) = preSolution
		HideSolutionNode = FALSE
	EndGlobalSection
	GlobalSection(ExtensibilityGlobals) = postSolution
		SolutionGuid = {DB2022BA-4D7D-48D4-A2C8-7D2793C740B6}
	EndGlobalSection
EndGlobal
