
Microsoft Visual Studio Solution File, Format Version 12.00
# Visual Studio Version 17
VisualStudioVersion = 17.6.33712.159
MinimumVisualStudioVersion = 10.0.40219.1
Project("{FAE04EC0-301F-11D3-BF4B-00C04F79EFBC}") = "stack_array", "stack_array\stack_array.csproj", "{32B05834-3B72-4A02-8B37-B2D12518BD36}"
EndProject
Global
	GlobalSection(SolutionConfigurationPlatforms) = preSolution
		Debug|Any CPU = Debug|Any CPU
		Release|Any CPU = Release|Any CPU
	EndGlobalSection
	GlobalSection(ProjectConfigurationPlatforms) = postSolution
		{32B05834-3B72-4A02-8B37-B2D12518BD36}.Debug|Any CPU.ActiveCfg = Debug|Any CPU
		{32B05834-3B72-4A02-8B37-B2D12518BD36}.Debug|Any CPU.Build.0 = Debug|Any CPU
		{32B05834-3B72-4A02-8B37-B2D12518BD36}.Release|Any CPU.ActiveCfg = Release|Any CPU
		{32B05834-3B72-4A02-8B37-B2D12518BD36}.Release|Any CPU.Build.0 = Release|Any CPU
	EndGlobalSection
	GlobalSection(SolutionProperties) = preSolution
		HideSolutionNode = FALSE
	EndGlobalSection
	GlobalSection(ExtensibilityGlobals) = postSolution
		SolutionGuid = {17D8CF5F-486D-4919-9AB8-B9267AA537B4}
	EndGlobalSection
EndGlobal
