
Microsoft Visual Studio Solution File, Format Version 12.00
# Visual Studio Version 17
VisualStudioVersion = 17.6.33712.159
MinimumVisualStudioVersion = 10.0.40219.1
Project("{FAE04EC0-301F-11D3-BF4B-00C04F79EFBC}") = "task1", "task1\task1.csproj", "{ABD56F5F-2F23-49DC-A730-3CD31C09D1C9}"
EndProject
Global
	GlobalSection(SolutionConfigurationPlatforms) = preSolution
		Debug|Any CPU = Debug|Any CPU
		Release|Any CPU = Release|Any CPU
	EndGlobalSection
	GlobalSection(ProjectConfigurationPlatforms) = postSolution
		{ABD56F5F-2F23-49DC-A730-3CD31C09D1C9}.Debug|Any CPU.ActiveCfg = Debug|Any CPU
		{ABD56F5F-2F23-49DC-A730-3CD31C09D1C9}.Debug|Any CPU.Build.0 = Debug|Any CPU
		{ABD56F5F-2F23-49DC-A730-3CD31C09D1C9}.Release|Any CPU.ActiveCfg = Release|Any CPU
		{ABD56F5F-2F23-49DC-A730-3CD31C09D1C9}.Release|Any CPU.Build.0 = Release|Any CPU
	EndGlobalSection
	GlobalSection(SolutionProperties) = preSolution
		HideSolutionNode = FALSE
	EndGlobalSection
	GlobalSection(ExtensibilityGlobals) = postSolution
		SolutionGuid = {5A1308FF-398B-43D6-9235-6E044EFE532F}
	EndGlobalSection
EndGlobal
