
Microsoft Visual Studio Solution File, Format Version 12.00
# Visual Studio Version 17
VisualStudioVersion = 17.6.33801.468
MinimumVisualStudioVersion = 10.0.40219.1
Project("{FAE04EC0-301F-11D3-BF4B-00C04F79EFBC}") = "indexer", "indexer\indexer.csproj", "{1FE4ABB6-B8B4-4FC3-91A5-D022ADFE6586}"
EndProject
Global
	GlobalSection(SolutionConfigurationPlatforms) = preSolution
		Debug|Any CPU = Debug|Any CPU
		Release|Any CPU = Release|Any CPU
	EndGlobalSection
	GlobalSection(ProjectConfigurationPlatforms) = postSolution
		{1FE4ABB6-B8B4-4FC3-91A5-D022ADFE6586}.Debug|Any CPU.ActiveCfg = Debug|Any CPU
		{1FE4ABB6-B8B4-4FC3-91A5-D022ADFE6586}.Debug|Any CPU.Build.0 = Debug|Any CPU
		{1FE4ABB6-B8B4-4FC3-91A5-D022ADFE6586}.Release|Any CPU.ActiveCfg = Release|Any CPU
		{1FE4ABB6-B8B4-4FC3-91A5-D022ADFE6586}.Release|Any CPU.Build.0 = Release|Any CPU
	EndGlobalSection
	GlobalSection(SolutionProperties) = preSolution
		HideSolutionNode = FALSE
	EndGlobalSection
	GlobalSection(ExtensibilityGlobals) = postSolution
		SolutionGuid = {0C3F91F9-E2DE-4223-B93D-1FC06D42BF9B}
	EndGlobalSection
EndGlobal
