
Microsoft Visual Studio Solution File, Format Version 12.00
# Visual Studio Version 17
VisualStudioVersion = 17.6.33712.159
MinimumVisualStudioVersion = 10.0.40219.1
Project("{FAE04EC0-301F-11D3-BF4B-00C04F79EFBC}") = "monitorfunctions", "monitorfunctions\monitorfunctions.csproj", "{9E32FA00-6C7B-4A99-B1C4-F51784862740}"
EndProject
Global
	GlobalSection(SolutionConfigurationPlatforms) = preSolution
		Debug|Any CPU = Debug|Any CPU
		Release|Any CPU = Release|Any CPU
	EndGlobalSection
	GlobalSection(ProjectConfigurationPlatforms) = postSolution
		{9E32FA00-6C7B-4A99-B1C4-F51784862740}.Debug|Any CPU.ActiveCfg = Debug|Any CPU
		{9E32FA00-6C7B-4A99-B1C4-F51784862740}.Debug|Any CPU.Build.0 = Debug|Any CPU
		{9E32FA00-6C7B-4A99-B1C4-F51784862740}.Release|Any CPU.ActiveCfg = Release|Any CPU
		{9E32FA00-6C7B-4A99-B1C4-F51784862740}.Release|Any CPU.Build.0 = Release|Any CPU
	EndGlobalSection
	GlobalSection(SolutionProperties) = preSolution
		HideSolutionNode = FALSE
	EndGlobalSection
	GlobalSection(ExtensibilityGlobals) = postSolution
		SolutionGuid = {25A640A5-EC29-4163-8ECD-532D11CCA34A}
	EndGlobalSection
EndGlobal
