
Microsoft Visual Studio Solution File, Format Version 12.00
# Visual Studio Version 17
VisualStudioVersion = 17.6.33801.468
MinimumVisualStudioVersion = 10.0.40219.1
Project("{FAE04EC0-301F-11D3-BF4B-00C04F79EFBC}") = "redo_undo", "redo_undo\redo_undo.csproj", "{C52E6A97-45DC-40C4-B907-C0F4F1133C29}"
EndProject
Global
	GlobalSection(SolutionConfigurationPlatforms) = preSolution
		Debug|Any CPU = Debug|Any CPU
		Release|Any CPU = Release|Any CPU
	EndGlobalSection
	GlobalSection(ProjectConfigurationPlatforms) = postSolution
		{C52E6A97-45DC-40C4-B907-C0F4F1133C29}.Debug|Any CPU.ActiveCfg = Debug|Any CPU
		{C52E6A97-45DC-40C4-B907-C0F4F1133C29}.Debug|Any CPU.Build.0 = Debug|Any CPU
		{C52E6A97-45DC-40C4-B907-C0F4F1133C29}.Release|Any CPU.ActiveCfg = Release|Any CPU
		{C52E6A97-45DC-40C4-B907-C0F4F1133C29}.Release|Any CPU.Build.0 = Release|Any CPU
	EndGlobalSection
	GlobalSection(SolutionProperties) = preSolution
		HideSolutionNode = FALSE
	EndGlobalSection
	GlobalSection(ExtensibilityGlobals) = postSolution
		SolutionGuid = {35BE0226-4174-4501-B819-C996477711C1}
	EndGlobalSection
EndGlobal
