
Microsoft Visual Studio Solution File, Format Version 12.00
# Visual Studio Version 17
VisualStudioVersion = 17.6.33712.159
MinimumVisualStudioVersion = 10.0.40219.1
Project("{FAE04EC0-301F-11D3-BF4B-00C04F79EFBC}") = "e_tickets", "e_tickets\e_tickets.csproj", "{935EEDE5-14CF-4BBF-BEAA-5968D1795609}"
EndProject
Global
	GlobalSection(SolutionConfigurationPlatforms) = preSolution
		Debug|Any CPU = Debug|Any CPU
		Release|Any CPU = Release|Any CPU
	EndGlobalSection
	GlobalSection(ProjectConfigurationPlatforms) = postSolution
		{935EEDE5-14CF-4BBF-BEAA-5968D1795609}.Debug|Any CPU.ActiveCfg = Debug|Any CPU
		{935EEDE5-14CF-4BBF-BEAA-5968D1795609}.Debug|Any CPU.Build.0 = Debug|Any CPU
		{935EEDE5-14CF-4BBF-BEAA-5968D1795609}.Release|Any CPU.ActiveCfg = Release|Any CPU
		{935EEDE5-14CF-4BBF-BEAA-5968D1795609}.Release|Any CPU.Build.0 = Release|Any CPU
	EndGlobalSection
	GlobalSection(SolutionProperties) = preSolution
		HideSolutionNode = FALSE
	EndGlobalSection
	GlobalSection(ExtensibilityGlobals) = postSolution
		SolutionGuid = {F2043444-FF9A-4DFC-8ECF-5E8352AECAFC}
	EndGlobalSection
EndGlobal
