
Microsoft Visual Studio Solution File, Format Version 12.00
# Visual Studio Version 17
VisualStudioVersion = 17.6.33712.159
MinimumVisualStudioVersion = 10.0.40219.1
Project("{FAE04EC0-301F-11D3-BF4B-00C04F79EFBC}") = "sneha11", "sneha11\sneha11.csproj", "{42D7C069-4134-41CB-AA78-19F2898A00A1}"
EndProject
Global
	GlobalSection(SolutionConfigurationPlatforms) = preSolution
		Debug|Any CPU = Debug|Any CPU
		Release|Any CPU = Release|Any CPU
	EndGlobalSection
	GlobalSection(ProjectConfigurationPlatforms) = postSolution
		{42D7C069-4134-41CB-AA78-19F2898A00A1}.Debug|Any CPU.ActiveCfg = Debug|Any CPU
		{42D7C069-4134-41CB-AA78-19F2898A00A1}.Debug|Any CPU.Build.0 = Debug|Any CPU
		{42D7C069-4134-41CB-AA78-19F2898A00A1}.Release|Any CPU.ActiveCfg = Release|Any CPU
		{42D7C069-4134-41CB-AA78-19F2898A00A1}.Release|Any CPU.Build.0 = Release|Any CPU
	EndGlobalSection
	GlobalSection(SolutionProperties) = preSolution
		HideSolutionNode = FALSE
	EndGlobalSection
	GlobalSection(ExtensibilityGlobals) = postSolution
		SolutionGuid = {89A9596A-F092-4CFA-8AA9-63E1986364E4}
	EndGlobalSection
EndGlobal
