
Microsoft Visual Studio Solution File, Format Version 12.00
# Visual Studio Version 17
VisualStudioVersion = 17.6.33801.468
MinimumVisualStudioVersion = 10.0.40219.1
Project("{FAE04EC0-301F-11D3-BF4B-00C04F79EFBC}") = "e-com", "e-com\e-com.csproj", "{75ABAB6C-46DA-482E-B0AB-A50DA7A625DF}"
EndProject
Global
	GlobalSection(SolutionConfigurationPlatforms) = preSolution
		Debug|Any CPU = Debug|Any CPU
		Release|Any CPU = Release|Any CPU
	EndGlobalSection
	GlobalSection(ProjectConfigurationPlatforms) = postSolution
		{75ABAB6C-46DA-482E-B0AB-A50DA7A625DF}.Debug|Any CPU.ActiveCfg = Debug|Any CPU
		{75ABAB6C-46DA-482E-B0AB-A50DA7A625DF}.Debug|Any CPU.Build.0 = Debug|Any CPU
		{75ABAB6C-46DA-482E-B0AB-A50DA7A625DF}.Release|Any CPU.ActiveCfg = Release|Any CPU
		{75ABAB6C-46DA-482E-B0AB-A50DA7A625DF}.Release|Any CPU.Build.0 = Release|Any CPU
	EndGlobalSection
	GlobalSection(SolutionProperties) = preSolution
		HideSolutionNode = FALSE
	EndGlobalSection
	GlobalSection(ExtensibilityGlobals) = postSolution
		SolutionGuid = {ACAC3997-5C49-4918-AED3-E233E345B905}
	EndGlobalSection
EndGlobal
